
Microsoft Visual Studio Solution File, Format Version 12.00
# Visual Studio Version 17
VisualStudioVersion = 17.10.35027.167
MinimumVisualStudioVersion = 10.0.40219.1
Project("{FAE04EC0-301F-11D3-BF4B-00C04F79EFBC}") = "AjaxProject.Server", "AjaxProject.Server\AjaxProject.Server.csproj", "{CEF84A6D-A50A-4AB0-9BF9-2B4906E32140}"
EndProject
Project("{54A90642-561A-4BB1-A94E-469ADEE60C69}") = "ajaxproject.client", "ajaxproject.client\ajaxproject.client.esproj", "{607F67B5-84B2-4252-8561-828D219BA805}"
EndProject
Global
	GlobalSection(SolutionConfigurationPlatforms) = preSolution
		Debug|Any CPU = Debug|Any CPU
		Release|Any CPU = Release|Any CPU
	EndGlobalSection
	GlobalSection(ProjectConfigurationPlatforms) = postSolution
		{CEF84A6D-A50A-4AB0-9BF9-2B4906E32140}.Debug|Any CPU.ActiveCfg = Debug|Any CPU
		{CEF84A6D-A50A-4AB0-9BF9-2B4906E32140}.Debug|Any CPU.Build.0 = Debug|Any CPU
		{CEF84A6D-A50A-4AB0-9BF9-2B4906E32140}.Release|Any CPU.ActiveCfg = Release|Any CPU
		{CEF84A6D-A50A-4AB0-9BF9-2B4906E32140}.Release|Any CPU.Build.0 = Release|Any CPU
		{607F67B5-84B2-4252-8561-828D219BA805}.Debug|Any CPU.ActiveCfg = Debug|Any CPU
		{607F67B5-84B2-4252-8561-828D219BA805}.Debug|Any CPU.Build.0 = Debug|Any CPU
		{607F67B5-84B2-4252-8561-828D219BA805}.Debug|Any CPU.Deploy.0 = Debug|Any CPU
		{607F67B5-84B2-4252-8561-828D219BA805}.Release|Any CPU.ActiveCfg = Release|Any CPU
		{607F67B5-84B2-4252-8561-828D219BA805}.Release|Any CPU.Build.0 = Release|Any CPU
		{607F67B5-84B2-4252-8561-828D219BA805}.Release|Any CPU.Deploy.0 = Release|Any CPU
	EndGlobalSection
	GlobalSection(SolutionProperties) = preSolution
		HideSolutionNode = FALSE
	EndGlobalSection
	GlobalSection(ExtensibilityGlobals) = postSolution
		SolutionGuid = {B67D54B5-2278-49E0-8851-569AA2720CE8}
	EndGlobalSection
EndGlobal
